
Microsoft Visual Studio Solution File, Format Version 12.00
# Visual Studio Version 17
VisualStudioVersion = 17.4.32916.344
MinimumVisualStudioVersion = 10.0.40219.1
Project("{FAE04EC0-301F-11D3-BF4B-00C04F79EFBC}") = "DeveloperDemoPortal.Server", "DeveloperDemoPortal\Server\DeveloperDemoPortal.Server.csproj", "{03B1B4D3-94A2-4A44-A84D-4DA8959F4771}"
EndProject
Project("{FAE04EC0-301F-11D3-BF4B-00C04F79EFBC}") = "DeveloperDemoPortal.Client", "DeveloperDemoPortal\Client\DeveloperDemoPortal.Client.csproj", "{761A7385-C131-4469-9800-2855AA01D559}"
EndProject
Project("{FAE04EC0-301F-11D3-BF4B-00C04F79EFBC}") = "DeveloperDemoPortal.Shared", "DeveloperDemoPortal\Shared\DeveloperDemoPortal.Shared.csproj", "{376BF63F-4DF3-4529-B639-9D29CDFE670D}"
EndProject
Global
	GlobalSection(SolutionConfigurationPlatforms) = preSolution
		Debug|Any CPU = Debug|Any CPU
		Release|Any CPU = Release|Any CPU
	EndGlobalSection
	GlobalSection(ProjectConfigurationPlatforms) = postSolution
		{03B1B4D3-94A2-4A44-A84D-4DA8959F4771}.Debug|Any CPU.ActiveCfg = Debug|Any CPU
		{03B1B4D3-94A2-4A44-A84D-4DA8959F4771}.Debug|Any CPU.Build.0 = Debug|Any CPU
		{03B1B4D3-94A2-4A44-A84D-4DA8959F4771}.Release|Any CPU.ActiveCfg = Release|Any CPU
		{03B1B4D3-94A2-4A44-A84D-4DA8959F4771}.Release|Any CPU.Build.0 = Release|Any CPU
		{761A7385-C131-4469-9800-2855AA01D559}.Debug|Any CPU.ActiveCfg = Debug|Any CPU
		{761A7385-C131-4469-9800-2855AA01D559}.Debug|Any CPU.Build.0 = Debug|Any CPU
		{761A7385-C131-4469-9800-2855AA01D559}.Release|Any CPU.ActiveCfg = Release|Any CPU
		{761A7385-C131-4469-9800-2855AA01D559}.Release|Any CPU.Build.0 = Release|Any CPU
		{376BF63F-4DF3-4529-B639-9D29CDFE670D}.Debug|Any CPU.ActiveCfg = Debug|Any CPU
		{376BF63F-4DF3-4529-B639-9D29CDFE670D}.Debug|Any CPU.Build.0 = Debug|Any CPU
		{376BF63F-4DF3-4529-B639-9D29CDFE670D}.Release|Any CPU.ActiveCfg = Release|Any CPU
		{376BF63F-4DF3-4529-B639-9D29CDFE670D}.Release|Any CPU.Build.0 = Release|Any CPU
	EndGlobalSection
	GlobalSection(SolutionProperties) = preSolution
		HideSolutionNode = FALSE
	EndGlobalSection
	GlobalSection(ExtensibilityGlobals) = postSolution
		SolutionGuid = {DBE951ED-9D08-447C-A769-D9648ADA0DF3}
	EndGlobalSection
EndGlobal
